
Microsoft Visual Studio Solution File, Format Version 12.00
# Visual Studio Version 17
VisualStudioVersion = 17.3.32804.467
MinimumVisualStudioVersion = 10.0.40219.1
Project("{FAE04EC0-301F-11D3-BF4B-00C04F79EFBC}") = "ATMconsoleApp", "ATMconsoleApp\ATMconsoleApp.csproj", "{68D8556E-5BF8-43E4-9435-0A799D9CEABB}"
EndProject
Global
	GlobalSection(SolutionConfigurationPlatforms) = preSolution
		Debug|Any CPU = Debug|Any CPU
		Release|Any CPU = Release|Any CPU
	EndGlobalSection
	GlobalSection(ProjectConfigurationPlatforms) = postSolution
		{68D8556E-5BF8-43E4-9435-0A799D9CEABB}.Debug|Any CPU.ActiveCfg = Debug|Any CPU
		{68D8556E-5BF8-43E4-9435-0A799D9CEABB}.Debug|Any CPU.Build.0 = Debug|Any CPU
		{68D8556E-5BF8-43E4-9435-0A799D9CEABB}.Release|Any CPU.ActiveCfg = Release|Any CPU
		{68D8556E-5BF8-43E4-9435-0A799D9CEABB}.Release|Any CPU.Build.0 = Release|Any CPU
	EndGlobalSection
	GlobalSection(SolutionProperties) = preSolution
		HideSolutionNode = FALSE
	EndGlobalSection
	GlobalSection(ExtensibilityGlobals) = postSolution
		SolutionGuid = {AFDFF60B-7032-410E-B122-D04EB13A1CFA}
	EndGlobalSection
EndGlobal
